
Microsoft Visual Studio Solution File, Format Version 12.00
# Visual Studio Version 17
VisualStudioVersion = 17.6.33829.357
MinimumVisualStudioVersion = 10.0.40219.1
Project("{8BC9CEB8-8B4A-11D0-8D11-00A0C91BC942}") = "MissanEngine", "MissanEngine\MissanEngine.vcxproj", "{A7BCE2E6-4FF4-4FA5-80D6-4829AFD5CCB4}"
EndProject
Project("{8BC9CEB8-8B4A-11D0-8D11-00A0C91BC942}") = "MissanEditor", "MissanEditor\MissanEditor.vcxproj", "{B9C3C83D-7E78-4A20-A599-BFD9F8E0D80E}"
EndProject
Global
	GlobalSection(SolutionConfigurationPlatforms) = preSolution
		Debug|x86 = Debug|x86
	EndGlobalSection
	GlobalSection(ProjectConfigurationPlatforms) = postSolution
		{A7BCE2E6-4FF4-4FA5-80D6-4829AFD5CCB4}.Debug|x86.ActiveCfg = Debug|Win32
		{A7BCE2E6-4FF4-4FA5-80D6-4829AFD5CCB4}.Debug|x86.Build.0 = Debug|Win32
		{B9C3C83D-7E78-4A20-A599-BFD9F8E0D80E}.Debug|x86.ActiveCfg = Debug|Win32
		{B9C3C83D-7E78-4A20-A599-BFD9F8E0D80E}.Debug|x86.Build.0 = Debug|Win32
	EndGlobalSection
	GlobalSection(SolutionProperties) = preSolution
		HideSolutionNode = FALSE
	EndGlobalSection
	GlobalSection(ExtensibilityGlobals) = postSolution
		SolutionGuid = {A302D520-741A-484B-AC12-85531F92E8B8}
	EndGlobalSection
EndGlobal
